
Microsoft Visual Studio Solution File, Format Version 12.00
# Visual Studio Version 16
VisualStudioVersion = 16.0.32630.194
MinimumVisualStudioVersion = 10.0.40219.1
Project("{FAE04EC0-301F-11D3-BF4B-00C04F79EFBC}") = "2aug", "2aug.csproj", "{B99A6976-5E23-4F9E-9CC7-C0BCCF4EE0CD}"
EndProject
Global
	GlobalSection(SolutionConfigurationPlatforms) = preSolution
		Debug|Any CPU = Debug|Any CPU
		Release|Any CPU = Release|Any CPU
	EndGlobalSection
	GlobalSection(ProjectConfigurationPlatforms) = postSolution
		{B99A6976-5E23-4F9E-9CC7-C0BCCF4EE0CD}.Debug|Any CPU.ActiveCfg = Debug|Any CPU
		{B99A6976-5E23-4F9E-9CC7-C0BCCF4EE0CD}.Debug|Any CPU.Build.0 = Debug|Any CPU
		{B99A6976-5E23-4F9E-9CC7-C0BCCF4EE0CD}.Release|Any CPU.ActiveCfg = Release|Any CPU
		{B99A6976-5E23-4F9E-9CC7-C0BCCF4EE0CD}.Release|Any CPU.Build.0 = Release|Any CPU
	EndGlobalSection
	GlobalSection(SolutionProperties) = preSolution
		HideSolutionNode = FALSE
	EndGlobalSection
	GlobalSection(ExtensibilityGlobals) = postSolution
		SolutionGuid = {326F73B8-B988-484C-B78C-D2C07446C2D1}
	EndGlobalSection
EndGlobal
